
Microsoft Visual Studio Solution File, Format Version 12.00
# Visual Studio Version 17
VisualStudioVersion = 17.13.35825.156
MinimumVisualStudioVersion = 10.0.40219.1
Project("{FAE04EC0-301F-11D3-BF4B-00C04F79EFBC}") = "ChatboxPlugin", "ChatboxPlugin.csproj", "{FB12174E-DC25-4693-8D09-2F440FDBC969}"
EndProject
Project("{FAE04EC0-301F-11D3-BF4B-00C04F79EFBC}") = "WhiteBoxTesting", "..\WhiteBoxTesting\WhiteBoxTesting.csproj", "{68840CCA-C640-4FC8-83CA-4624489407B6}"
EndProject
Global
	GlobalSection(SolutionConfigurationPlatforms) = preSolution
		Debug|Any CPU = Debug|Any CPU
		Release|Any CPU = Release|Any CPU
	EndGlobalSection
	GlobalSection(ProjectConfigurationPlatforms) = postSolution
		{FB12174E-DC25-4693-8D09-2F440FDBC969}.Debug|Any CPU.ActiveCfg = Debug|Any CPU
		{FB12174E-DC25-4693-8D09-2F440FDBC969}.Debug|Any CPU.Build.0 = Debug|Any CPU
		{FB12174E-DC25-4693-8D09-2F440FDBC969}.Release|Any CPU.ActiveCfg = Release|Any CPU
		{FB12174E-DC25-4693-8D09-2F440FDBC969}.Release|Any CPU.Build.0 = Release|Any CPU
		{68840CCA-C640-4FC8-83CA-4624489407B6}.Debug|Any CPU.ActiveCfg = Debug|Any CPU
		{68840CCA-C640-4FC8-83CA-4624489407B6}.Debug|Any CPU.Build.0 = Debug|Any CPU
		{68840CCA-C640-4FC8-83CA-4624489407B6}.Release|Any CPU.ActiveCfg = Release|Any CPU
		{68840CCA-C640-4FC8-83CA-4624489407B6}.Release|Any CPU.Build.0 = Release|Any CPU
	EndGlobalSection
	GlobalSection(SolutionProperties) = preSolution
		HideSolutionNode = FALSE
	EndGlobalSection
	GlobalSection(ExtensibilityGlobals) = postSolution
		SolutionGuid = {8BB1C5E7-C69B-48FF-8F5A-3F60E0F9C4C3}
	EndGlobalSection
EndGlobal
